
Microsoft Visual Studio Solution File, Format Version 12.00
# Visual Studio 15
VisualStudioVersion = 15.0.28307.539
MinimumVisualStudioVersion = 10.0.40219.1
Project("{2150E333-8FDC-42A3-9474-1A3956D46DE8}") = "Solution Items", "Solution Items", "{66275E70-E2A1-4887-8066-A196E415996D}"
	ProjectSection(SolutionItems) = preProject
		.gitignore = .gitignore
		LICENSE = LICENSE
		README.md = README.md
	EndProjectSection
EndProject
Project("{E24C65DC-7377-472B-9ABA-BC803B73C61A}") = "docs", "docs\", "{44A0B7F0-1579-4799-8634-81AED1BAF6C8}"
	ProjectSection(WebsiteProperties) = preProject
		TargetFrameworkMoniker = ".NETFramework,Version%3Dv4.0"
		Debug.AspNetCompiler.VirtualPath = "/localhost_51605"
		Debug.AspNetCompiler.PhysicalPath = "docs\"
		Debug.AspNetCompiler.TargetPath = "PrecompiledWeb\localhost_51605\"
		Debug.AspNetCompiler.Updateable = "true"
		Debug.AspNetCompiler.ForceOverwrite = "true"
		Debug.AspNetCompiler.FixedNames = "false"
		Debug.AspNetCompiler.Debug = "True"
		Release.AspNetCompiler.VirtualPath = "/localhost_51605"
		Release.AspNetCompiler.PhysicalPath = "docs\"
		Release.AspNetCompiler.TargetPath = "PrecompiledWeb\localhost_51605\"
		Release.AspNetCompiler.Updateable = "true"
		Release.AspNetCompiler.ForceOverwrite = "true"
		Release.AspNetCompiler.FixedNames = "false"
		Release.AspNetCompiler.Debug = "False"
		VWDPort = "51605"
		SlnRelativePath = "docs\"
	EndProjectSection
EndProject
Project("{2150E333-8FDC-42A3-9474-1A3956D46DE8}") = "Winforms", "Winforms", "{699B8D5F-614D-4D25-925B-A57B9505973A}"
EndProject
Project("{FAE04EC0-301F-11D3-BF4B-00C04F79EFBC}") = "SO.DashboardEditor.Desktop", "src\SO.DashboardEditor.Desktop\SO.DashboardEditor.Desktop.csproj", "{8536CAF7-5F49-42CE-B52C-DFB02296367B}"
EndProject
Global
	GlobalSection(SolutionConfigurationPlatforms) = preSolution
		Debug|Any CPU = Debug|Any CPU
		Release|Any CPU = Release|Any CPU
	EndGlobalSection
	GlobalSection(ProjectConfigurationPlatforms) = postSolution
		{44A0B7F0-1579-4799-8634-81AED1BAF6C8}.Debug|Any CPU.ActiveCfg = Debug|Any CPU
		{44A0B7F0-1579-4799-8634-81AED1BAF6C8}.Debug|Any CPU.Build.0 = Debug|Any CPU
		{44A0B7F0-1579-4799-8634-81AED1BAF6C8}.Release|Any CPU.ActiveCfg = Debug|Any CPU
		{44A0B7F0-1579-4799-8634-81AED1BAF6C8}.Release|Any CPU.Build.0 = Debug|Any CPU
		{8536CAF7-5F49-42CE-B52C-DFB02296367B}.Debug|Any CPU.ActiveCfg = Debug|Any CPU
		{8536CAF7-5F49-42CE-B52C-DFB02296367B}.Debug|Any CPU.Build.0 = Debug|Any CPU
		{8536CAF7-5F49-42CE-B52C-DFB02296367B}.Release|Any CPU.ActiveCfg = Release|Any CPU
		{8536CAF7-5F49-42CE-B52C-DFB02296367B}.Release|Any CPU.Build.0 = Release|Any CPU
	EndGlobalSection
	GlobalSection(SolutionProperties) = preSolution
		HideSolutionNode = FALSE
	EndGlobalSection
	GlobalSection(NestedProjects) = preSolution
		{8536CAF7-5F49-42CE-B52C-DFB02296367B} = {699B8D5F-614D-4D25-925B-A57B9505973A}
	EndGlobalSection
	GlobalSection(ExtensibilityGlobals) = postSolution
		SolutionGuid = {36A65A13-2ABB-421C-A9E8-5B74337F55C5}
	EndGlobalSection
EndGlobal
